<?xml version="1.0" encoding="utf-8"?>
<Project ToolsVersion="4.0" xmlns="http://schemas.microsoft.com/developer/msbuild/2003">
  <ItemGroup>
    <Filter Include="Source Files">
      <UniqueIdentifier>{4FC737F1-C7A5-4376-A066-2A32D752A2FF}</UniqueIdentifier>
      <Extensions>cpp;c;cc;cxx;c++;def;odl;idl;hpj;bat;asm;asmx</Extensions>
    </Filter>
    <Filter Include="Resource Files">
      <UniqueIdentifier>{67DA6AB6-F800-4c08-8B7A-83BB121AAD01}</UniqueIdentifier>
      <Extensions>rc;ico;cur;bmp;dlg;rc2;rct;bin;rgs;gif;jpg;jpeg;jpe;resx;tiff;tif;png;wav;mfcribbon-ms</Extensions>
    </Filter>
    <Filter Include="Source Files\External">
      <UniqueIdentifier>{a192c498-d052-4673-8110-9e5350b48a6a}</UniqueIdentifier>
    </Filter>
    <Filter Include="Source Files\External\getopt">
      <UniqueIdentifier>{f8fda087-7950-4c5c-87d6-e5b61b8c32d8}</UniqueIdentifier>
    </Filter>
    <Filter Include="Source Files\MemoryPool">
      <UniqueIdentifier>{378b0658-f297-409e-824b-1a3ebb4cb95a}</UniqueIdentifier>
    </Filter>
  </ItemGroup>
  <ItemGroup>
    <ClCompile Include="External\getopt\getopt.c">
      <Filter>Source Files\External\getopt</Filter>
    </ClCompile>
    <ClCompile Include="main.cpp">
      <Filter>Source Files</Filter>
    </ClCompile>
    <ClCompile Include="MemoryPoolTests.cpp">
      <Filter>Source Files</Filter>
    </ClCompile>
    <ClCompile Include="ReadWriteFile.cpp">
      <Filter>Source Files</Filter>
    </ClCompile>
    <ClCompile Include="MemoryPool\MemoryPool.cpp">
      <Filter>Source Files\MemoryPool</Filter>
    </ClCompile>
    <ClCompile Include="MemoryPool\PoolPtrBase.cpp">
      <Filter>Source Files\MemoryPool</Filter>
    </ClCompile>
  </ItemGroup>
  <ItemGroup>
    <ClInclude Include="External\getopt\getopt.h">
      <Filter>Source Files\External\getopt</Filter>
    </ClInclude>
    <ClInclude Include="MemoryPoolTests.h">
      <Filter>Source Files</Filter>
    </ClInclude>
    <ClInclude Include="ReadWriteFile.h">
      <Filter>Source Files</Filter>
    </ClInclude>
    <ClInclude Include="Measure.h">
      <Filter>Source Files</Filter>
    </ClInclude>
    <ClInclude Include="MemoryPool\MemoryChunk.h">
      <Filter>Source Files\MemoryPool</Filter>
    </ClInclude>
    <ClInclude Include="MemoryPool\MemoryPool.h">
      <Filter>Source Files\MemoryPool</Filter>
    </ClInclude>
    <ClInclude Include="MemoryPool\PoolPtr.h">
      <Filter>Source Files\MemoryPool</Filter>
    </ClInclude>
    <ClInclude Include="MemoryPool\PoolPtrBase.h">
      <Filter>Source Files\MemoryPool</Filter>
    </ClInclude>
  </ItemGroup>
  <ItemGroup>
    <None Include="External\getopt\README.md">
      <Filter>Source Files\External\getopt</Filter>
    </None>
  </ItemGroup>
</Project>